
Microsoft Visual Studio Solution File, Format Version 12.00
# Visual Studio Version 17
VisualStudioVersion = 17.4.33403.182
MinimumVisualStudioVersion = 10.0.40219.1
Project("{9A19103F-16F7-4668-BE54-9A1E7A4F7556}") = "TelegramBot", "TelegramBot\TelegramBot.csproj", "{B7792674-83D7-4A3F-AEE7-05FDD5501A02}"
EndProject
Project("{E53339B2-1760-4266-BCC7-CA923CBCF16C}") = "docker-compose", "docker-compose.dcproj", "{A88A1904-5CFD-4778-92CE-5BF815E40AAB}"
EndProject
Global
	GlobalSection(SolutionConfigurationPlatforms) = preSolution
		Debug|Any CPU = Debug|Any CPU
		Release|Any CPU = Release|Any CPU
	EndGlobalSection
	GlobalSection(ProjectConfigurationPlatforms) = postSolution
		{B7792674-83D7-4A3F-AEE7-05FDD5501A02}.Debug|Any CPU.ActiveCfg = Debug|Any CPU
		{B7792674-83D7-4A3F-AEE7-05FDD5501A02}.Debug|Any CPU.Build.0 = Debug|Any CPU
		{B7792674-83D7-4A3F-AEE7-05FDD5501A02}.Release|Any CPU.ActiveCfg = Release|Any CPU
		{B7792674-83D7-4A3F-AEE7-05FDD5501A02}.Release|Any CPU.Build.0 = Release|Any CPU
		{A88A1904-5CFD-4778-92CE-5BF815E40AAB}.Debug|Any CPU.ActiveCfg = Debug|Any CPU
		{A88A1904-5CFD-4778-92CE-5BF815E40AAB}.Debug|Any CPU.Build.0 = Debug|Any CPU
		{A88A1904-5CFD-4778-92CE-5BF815E40AAB}.Release|Any CPU.ActiveCfg = Release|Any CPU
		{A88A1904-5CFD-4778-92CE-5BF815E40AAB}.Release|Any CPU.Build.0 = Release|Any CPU
	EndGlobalSection
	GlobalSection(SolutionProperties) = preSolution
		HideSolutionNode = FALSE
	EndGlobalSection
	GlobalSection(ExtensibilityGlobals) = postSolution
		SolutionGuid = {633B1A03-8E57-4E00-849A-367B090400CD}
	EndGlobalSection
EndGlobal
